
Microsoft Visual Studio Solution File, Format Version 12.00
# Visual Studio Version 17
VisualStudioVersion = 17.4.33213.308
MinimumVisualStudioVersion = 10.0.40219.1
Project("{FAE04EC0-301F-11D3-BF4B-00C04F79EFBC}") = "CST-350-Minesweeper", "CST-350-Minesweeper.csproj", "{C5273779-5CA8-4D31-B14F-67F893DBED3C}"
EndProject
Global
	GlobalSection(SolutionConfigurationPlatforms) = preSolution
		Debug|Any CPU = Debug|Any CPU
		Release|Any CPU = Release|Any CPU
	EndGlobalSection
	GlobalSection(ProjectConfigurationPlatforms) = postSolution
		{C5273779-5CA8-4D31-B14F-67F893DBED3C}.Debug|Any CPU.ActiveCfg = Debug|Any CPU
		{C5273779-5CA8-4D31-B14F-67F893DBED3C}.Debug|Any CPU.Build.0 = Debug|Any CPU
		{C5273779-5CA8-4D31-B14F-67F893DBED3C}.Release|Any CPU.ActiveCfg = Release|Any CPU
		{C5273779-5CA8-4D31-B14F-67F893DBED3C}.Release|Any CPU.Build.0 = Release|Any CPU
	EndGlobalSection
	GlobalSection(SolutionProperties) = preSolution
		HideSolutionNode = FALSE
	EndGlobalSection
	GlobalSection(ExtensibilityGlobals) = postSolution
		SolutionGuid = {2934B28A-090D-4CB1-87A1-0B622873B779}
	EndGlobalSection
EndGlobal
